<Solution>
  <Folder Name="/Solution Items/">
    <File Path=".editorconfig" />
    <File Path=".gitignore" />
    <File Path="appveyor.yml" />
    <File Path="Directory.Build.props" />
    <File Path="NuGet.config" />
    <File Path="README.md" />
  </Folder>
  <Folder Name="/Tests/">
    <File Path="Tests/TestHelper.config" />
    <Project Path="Tests/CK.DB.Organization.Tests/CK.DB.Organization.Tests.csproj" />
  </Folder>
  <Project Path="CK.DB.Organization/CK.DB.Organization.csproj" />
</Solution>